
Microsoft Visual Studio Solution File, Format Version 12.00
# Visual Studio Version 16
VisualStudioVersion = 16.0.31424.327
MinimumVisualStudioVersion = 10.0.40219.1
Project("{FAE04EC0-301F-11D3-BF4B-00C04F79EFBC}") = "Extension method", "Extension method\Extension method.csproj", "{1428A54D-E6D7-4F44-9611-377CB8B213C0}"
EndProject
Global
	GlobalSection(SolutionConfigurationPlatforms) = preSolution
		Debug|Any CPU = Debug|Any CPU
		Release|Any CPU = Release|Any CPU
	EndGlobalSection
	GlobalSection(ProjectConfigurationPlatforms) = postSolution
		{1428A54D-E6D7-4F44-9611-377CB8B213C0}.Debug|Any CPU.ActiveCfg = Debug|Any CPU
		{1428A54D-E6D7-4F44-9611-377CB8B213C0}.Debug|Any CPU.Build.0 = Debug|Any CPU
		{1428A54D-E6D7-4F44-9611-377CB8B213C0}.Release|Any CPU.ActiveCfg = Release|Any CPU
		{1428A54D-E6D7-4F44-9611-377CB8B213C0}.Release|Any CPU.Build.0 = Release|Any CPU
	EndGlobalSection
	GlobalSection(SolutionProperties) = preSolution
		HideSolutionNode = FALSE
	EndGlobalSection
	GlobalSection(ExtensibilityGlobals) = postSolution
		SolutionGuid = {5EAF704D-A880-47E8-A17E-78E78AB357B5}
	EndGlobalSection
EndGlobal
