
Microsoft Visual Studio Solution File, Format Version 12.00
# Visual Studio Version 16
VisualStudioVersion = 16.0.31005.135
MinimumVisualStudioVersion = 15.0.26124.0
Project("{9A19103F-16F7-4668-BE54-9A1E7A4F7556}") = "FirstProject", "FirstProject\FirstProject.csproj", "{346D6E8A-E228-4122-9D22-544AA1B1A0C0}"
EndProject
Project("{9A19103F-16F7-4668-BE54-9A1E7A4F7556}") = "ClassLibrary", "ClassLibrary\ClassLibrary.csproj", "{A111F8AF-15E6-4634-95A3-556DF7BCD16F}"
EndProject
Project("{9A19103F-16F7-4668-BE54-9A1E7A4F7556}") = "ContactApp", "ContactApp\ContactApp.csproj", "{1853D38B-B5B7-43AB-AB5F-72D5DB9CF723}"
EndProject
Project("{9A19103F-16F7-4668-BE54-9A1E7A4F7556}") = "Second Project", "Second Project\Second Project.csproj", "{6DC31347-8B48-4076-AC86-E6D4B80592F3}"
EndProject
Project("{9A19103F-16F7-4668-BE54-9A1E7A4F7556}") = "TryParseExercise", "TryParseExercise\TryParseExercise.csproj", "{8A38950F-6D33-4078-9E35-5EF30F209BAD}"
EndProject
Project("{9A19103F-16F7-4668-BE54-9A1E7A4F7556}") = "CustomEqualsRef", "CustomEqualsRef\CustomEqualsRef.csproj", "{C950D2E1-4D92-4CA0-8A74-02095D0AB5A3}"
EndProject
Project("{9A19103F-16F7-4668-BE54-9A1E7A4F7556}") = "ConstAndReadonly", "ConstAndReadonly\ConstAndReadonly.csproj", "{4FFD1E12-5E00-4836-B8EB-EF20BB96B879}"
EndProject
Project("{9A19103F-16F7-4668-BE54-9A1E7A4F7556}") = "Kata", "Kata\Kata.csproj", "{0A4BF420-DEAF-48CE-8B73-08565476D22E}"
EndProject
Project("{9A19103F-16F7-4668-BE54-9A1E7A4F7556}") = "Kata POTUS", "Kata POTUS\Kata POTUS.csproj", "{C08DEA34-929C-4CE1-BAC0-111CCAF6B0E1}"
EndProject
Project("{9A19103F-16F7-4668-BE54-9A1E7A4F7556}") = "TextFiles", "TextFiles\TextFiles.csproj", "{ABF6D456-4850-44BF-8AF2-23502ABF15B6}"
EndProject
Project("{FAE04EC0-301F-11D3-BF4B-00C04F79EFBC}") = "JSON Serialization", "JSON Serialization\JSON Serialization.csproj", "{F534FC98-CBD5-468F-9BE8-F836A2F0F7EC}"
EndProject
Global
	GlobalSection(SolutionConfigurationPlatforms) = preSolution
		Debug|Any CPU = Debug|Any CPU
		Debug|x64 = Debug|x64
		Debug|x86 = Debug|x86
		Release|Any CPU = Release|Any CPU
		Release|x64 = Release|x64
		Release|x86 = Release|x86
	EndGlobalSection
	GlobalSection(ProjectConfigurationPlatforms) = postSolution
		{346D6E8A-E228-4122-9D22-544AA1B1A0C0}.Debug|Any CPU.ActiveCfg = Debug|Any CPU
		{346D6E8A-E228-4122-9D22-544AA1B1A0C0}.Debug|Any CPU.Build.0 = Debug|Any CPU
		{346D6E8A-E228-4122-9D22-544AA1B1A0C0}.Debug|x64.ActiveCfg = Debug|Any CPU
		{346D6E8A-E228-4122-9D22-544AA1B1A0C0}.Debug|x64.Build.0 = Debug|Any CPU
		{346D6E8A-E228-4122-9D22-544AA1B1A0C0}.Debug|x86.ActiveCfg = Debug|Any CPU
		{346D6E8A-E228-4122-9D22-544AA1B1A0C0}.Debug|x86.Build.0 = Debug|Any CPU
		{346D6E8A-E228-4122-9D22-544AA1B1A0C0}.Release|Any CPU.ActiveCfg = Release|Any CPU
		{346D6E8A-E228-4122-9D22-544AA1B1A0C0}.Release|Any CPU.Build.0 = Release|Any CPU
		{346D6E8A-E228-4122-9D22-544AA1B1A0C0}.Release|x64.ActiveCfg = Release|Any CPU
		{346D6E8A-E228-4122-9D22-544AA1B1A0C0}.Release|x64.Build.0 = Release|Any CPU
		{346D6E8A-E228-4122-9D22-544AA1B1A0C0}.Release|x86.ActiveCfg = Release|Any CPU
		{346D6E8A-E228-4122-9D22-544AA1B1A0C0}.Release|x86.Build.0 = Release|Any CPU
		{A111F8AF-15E6-4634-95A3-556DF7BCD16F}.Debug|Any CPU.ActiveCfg = Debug|Any CPU
		{A111F8AF-15E6-4634-95A3-556DF7BCD16F}.Debug|Any CPU.Build.0 = Debug|Any CPU
		{A111F8AF-15E6-4634-95A3-556DF7BCD16F}.Debug|x64.ActiveCfg = Debug|Any CPU
		{A111F8AF-15E6-4634-95A3-556DF7BCD16F}.Debug|x64.Build.0 = Debug|Any CPU
		{A111F8AF-15E6-4634-95A3-556DF7BCD16F}.Debug|x86.ActiveCfg = Debug|Any CPU
		{A111F8AF-15E6-4634-95A3-556DF7BCD16F}.Debug|x86.Build.0 = Debug|Any CPU
		{A111F8AF-15E6-4634-95A3-556DF7BCD16F}.Release|Any CPU.ActiveCfg = Release|Any CPU
		{A111F8AF-15E6-4634-95A3-556DF7BCD16F}.Release|Any CPU.Build.0 = Release|Any CPU
		{A111F8AF-15E6-4634-95A3-556DF7BCD16F}.Release|x64.ActiveCfg = Release|Any CPU
		{A111F8AF-15E6-4634-95A3-556DF7BCD16F}.Release|x64.Build.0 = Release|Any CPU
		{A111F8AF-15E6-4634-95A3-556DF7BCD16F}.Release|x86.ActiveCfg = Release|Any CPU
		{A111F8AF-15E6-4634-95A3-556DF7BCD16F}.Release|x86.Build.0 = Release|Any CPU
		{1853D38B-B5B7-43AB-AB5F-72D5DB9CF723}.Debug|Any CPU.ActiveCfg = Debug|Any CPU
		{1853D38B-B5B7-43AB-AB5F-72D5DB9CF723}.Debug|Any CPU.Build.0 = Debug|Any CPU
		{1853D38B-B5B7-43AB-AB5F-72D5DB9CF723}.Debug|x64.ActiveCfg = Debug|Any CPU
		{1853D38B-B5B7-43AB-AB5F-72D5DB9CF723}.Debug|x64.Build.0 = Debug|Any CPU
		{1853D38B-B5B7-43AB-AB5F-72D5DB9CF723}.Debug|x86.ActiveCfg = Debug|Any CPU
		{1853D38B-B5B7-43AB-AB5F-72D5DB9CF723}.Debug|x86.Build.0 = Debug|Any CPU
		{1853D38B-B5B7-43AB-AB5F-72D5DB9CF723}.Release|Any CPU.ActiveCfg = Release|Any CPU
		{1853D38B-B5B7-43AB-AB5F-72D5DB9CF723}.Release|Any CPU.Build.0 = Release|Any CPU
		{1853D38B-B5B7-43AB-AB5F-72D5DB9CF723}.Release|x64.ActiveCfg = Release|Any CPU
		{1853D38B-B5B7-43AB-AB5F-72D5DB9CF723}.Release|x64.Build.0 = Release|Any CPU
		{1853D38B-B5B7-43AB-AB5F-72D5DB9CF723}.Release|x86.ActiveCfg = Release|Any CPU
		{1853D38B-B5B7-43AB-AB5F-72D5DB9CF723}.Release|x86.Build.0 = Release|Any CPU
		{6DC31347-8B48-4076-AC86-E6D4B80592F3}.Debug|Any CPU.ActiveCfg = Debug|Any CPU
		{6DC31347-8B48-4076-AC86-E6D4B80592F3}.Debug|Any CPU.Build.0 = Debug|Any CPU
		{6DC31347-8B48-4076-AC86-E6D4B80592F3}.Debug|x64.ActiveCfg = Debug|Any CPU
		{6DC31347-8B48-4076-AC86-E6D4B80592F3}.Debug|x64.Build.0 = Debug|Any CPU
		{6DC31347-8B48-4076-AC86-E6D4B80592F3}.Debug|x86.ActiveCfg = Debug|Any CPU
		{6DC31347-8B48-4076-AC86-E6D4B80592F3}.Debug|x86.Build.0 = Debug|Any CPU
		{6DC31347-8B48-4076-AC86-E6D4B80592F3}.Release|Any CPU.ActiveCfg = Release|Any CPU
		{6DC31347-8B48-4076-AC86-E6D4B80592F3}.Release|Any CPU.Build.0 = Release|Any CPU
		{6DC31347-8B48-4076-AC86-E6D4B80592F3}.Release|x64.ActiveCfg = Release|Any CPU
		{6DC31347-8B48-4076-AC86-E6D4B80592F3}.Release|x64.Build.0 = Release|Any CPU
		{6DC31347-8B48-4076-AC86-E6D4B80592F3}.Release|x86.ActiveCfg = Release|Any CPU
		{6DC31347-8B48-4076-AC86-E6D4B80592F3}.Release|x86.Build.0 = Release|Any CPU
		{8A38950F-6D33-4078-9E35-5EF30F209BAD}.Debug|Any CPU.ActiveCfg = Debug|Any CPU
		{8A38950F-6D33-4078-9E35-5EF30F209BAD}.Debug|Any CPU.Build.0 = Debug|Any CPU
		{8A38950F-6D33-4078-9E35-5EF30F209BAD}.Debug|x64.ActiveCfg = Debug|Any CPU
		{8A38950F-6D33-4078-9E35-5EF30F209BAD}.Debug|x64.Build.0 = Debug|Any CPU
		{8A38950F-6D33-4078-9E35-5EF30F209BAD}.Debug|x86.ActiveCfg = Debug|Any CPU
		{8A38950F-6D33-4078-9E35-5EF30F209BAD}.Debug|x86.Build.0 = Debug|Any CPU
		{8A38950F-6D33-4078-9E35-5EF30F209BAD}.Release|Any CPU.ActiveCfg = Release|Any CPU
		{8A38950F-6D33-4078-9E35-5EF30F209BAD}.Release|Any CPU.Build.0 = Release|Any CPU
		{8A38950F-6D33-4078-9E35-5EF30F209BAD}.Release|x64.ActiveCfg = Release|Any CPU
		{8A38950F-6D33-4078-9E35-5EF30F209BAD}.Release|x64.Build.0 = Release|Any CPU
		{8A38950F-6D33-4078-9E35-5EF30F209BAD}.Release|x86.ActiveCfg = Release|Any CPU
		{8A38950F-6D33-4078-9E35-5EF30F209BAD}.Release|x86.Build.0 = Release|Any CPU
		{C950D2E1-4D92-4CA0-8A74-02095D0AB5A3}.Debug|Any CPU.ActiveCfg = Debug|Any CPU
		{C950D2E1-4D92-4CA0-8A74-02095D0AB5A3}.Debug|Any CPU.Build.0 = Debug|Any CPU
		{C950D2E1-4D92-4CA0-8A74-02095D0AB5A3}.Debug|x64.ActiveCfg = Debug|Any CPU
		{C950D2E1-4D92-4CA0-8A74-02095D0AB5A3}.Debug|x64.Build.0 = Debug|Any CPU
		{C950D2E1-4D92-4CA0-8A74-02095D0AB5A3}.Debug|x86.ActiveCfg = Debug|Any CPU
		{C950D2E1-4D92-4CA0-8A74-02095D0AB5A3}.Debug|x86.Build.0 = Debug|Any CPU
		{C950D2E1-4D92-4CA0-8A74-02095D0AB5A3}.Release|Any CPU.ActiveCfg = Release|Any CPU
		{C950D2E1-4D92-4CA0-8A74-02095D0AB5A3}.Release|Any CPU.Build.0 = Release|Any CPU
		{C950D2E1-4D92-4CA0-8A74-02095D0AB5A3}.Release|x64.ActiveCfg = Release|Any CPU
		{C950D2E1-4D92-4CA0-8A74-02095D0AB5A3}.Release|x64.Build.0 = Release|Any CPU
		{C950D2E1-4D92-4CA0-8A74-02095D0AB5A3}.Release|x86.ActiveCfg = Release|Any CPU
		{C950D2E1-4D92-4CA0-8A74-02095D0AB5A3}.Release|x86.Build.0 = Release|Any CPU
		{4FFD1E12-5E00-4836-B8EB-EF20BB96B879}.Debug|Any CPU.ActiveCfg = Debug|Any CPU
		{4FFD1E12-5E00-4836-B8EB-EF20BB96B879}.Debug|Any CPU.Build.0 = Debug|Any CPU
		{4FFD1E12-5E00-4836-B8EB-EF20BB96B879}.Debug|x64.ActiveCfg = Debug|Any CPU
		{4FFD1E12-5E00-4836-B8EB-EF20BB96B879}.Debug|x64.Build.0 = Debug|Any CPU
		{4FFD1E12-5E00-4836-B8EB-EF20BB96B879}.Debug|x86.ActiveCfg = Debug|Any CPU
		{4FFD1E12-5E00-4836-B8EB-EF20BB96B879}.Debug|x86.Build.0 = Debug|Any CPU
		{4FFD1E12-5E00-4836-B8EB-EF20BB96B879}.Release|Any CPU.ActiveCfg = Release|Any CPU
		{4FFD1E12-5E00-4836-B8EB-EF20BB96B879}.Release|Any CPU.Build.0 = Release|Any CPU
		{4FFD1E12-5E00-4836-B8EB-EF20BB96B879}.Release|x64.ActiveCfg = Release|Any CPU
		{4FFD1E12-5E00-4836-B8EB-EF20BB96B879}.Release|x64.Build.0 = Release|Any CPU
		{4FFD1E12-5E00-4836-B8EB-EF20BB96B879}.Release|x86.ActiveCfg = Release|Any CPU
		{4FFD1E12-5E00-4836-B8EB-EF20BB96B879}.Release|x86.Build.0 = Release|Any CPU
		{0A4BF420-DEAF-48CE-8B73-08565476D22E}.Debug|Any CPU.ActiveCfg = Debug|Any CPU
		{0A4BF420-DEAF-48CE-8B73-08565476D22E}.Debug|Any CPU.Build.0 = Debug|Any CPU
		{0A4BF420-DEAF-48CE-8B73-08565476D22E}.Debug|x64.ActiveCfg = Debug|Any CPU
		{0A4BF420-DEAF-48CE-8B73-08565476D22E}.Debug|x64.Build.0 = Debug|Any CPU
		{0A4BF420-DEAF-48CE-8B73-08565476D22E}.Debug|x86.ActiveCfg = Debug|Any CPU
		{0A4BF420-DEAF-48CE-8B73-08565476D22E}.Debug|x86.Build.0 = Debug|Any CPU
		{0A4BF420-DEAF-48CE-8B73-08565476D22E}.Release|Any CPU.ActiveCfg = Release|Any CPU
		{0A4BF420-DEAF-48CE-8B73-08565476D22E}.Release|Any CPU.Build.0 = Release|Any CPU
		{0A4BF420-DEAF-48CE-8B73-08565476D22E}.Release|x64.ActiveCfg = Release|Any CPU
		{0A4BF420-DEAF-48CE-8B73-08565476D22E}.Release|x64.Build.0 = Release|Any CPU
		{0A4BF420-DEAF-48CE-8B73-08565476D22E}.Release|x86.ActiveCfg = Release|Any CPU
		{0A4BF420-DEAF-48CE-8B73-08565476D22E}.Release|x86.Build.0 = Release|Any CPU
		{C08DEA34-929C-4CE1-BAC0-111CCAF6B0E1}.Debug|Any CPU.ActiveCfg = Debug|Any CPU
		{C08DEA34-929C-4CE1-BAC0-111CCAF6B0E1}.Debug|Any CPU.Build.0 = Debug|Any CPU
		{C08DEA34-929C-4CE1-BAC0-111CCAF6B0E1}.Debug|x64.ActiveCfg = Debug|Any CPU
		{C08DEA34-929C-4CE1-BAC0-111CCAF6B0E1}.Debug|x64.Build.0 = Debug|Any CPU
		{C08DEA34-929C-4CE1-BAC0-111CCAF6B0E1}.Debug|x86.ActiveCfg = Debug|Any CPU
		{C08DEA34-929C-4CE1-BAC0-111CCAF6B0E1}.Debug|x86.Build.0 = Debug|Any CPU
		{C08DEA34-929C-4CE1-BAC0-111CCAF6B0E1}.Release|Any CPU.ActiveCfg = Release|Any CPU
		{C08DEA34-929C-4CE1-BAC0-111CCAF6B0E1}.Release|Any CPU.Build.0 = Release|Any CPU
		{C08DEA34-929C-4CE1-BAC0-111CCAF6B0E1}.Release|x64.ActiveCfg = Release|Any CPU
		{C08DEA34-929C-4CE1-BAC0-111CCAF6B0E1}.Release|x64.Build.0 = Release|Any CPU
		{C08DEA34-929C-4CE1-BAC0-111CCAF6B0E1}.Release|x86.ActiveCfg = Release|Any CPU
		{C08DEA34-929C-4CE1-BAC0-111CCAF6B0E1}.Release|x86.Build.0 = Release|Any CPU
		{ABF6D456-4850-44BF-8AF2-23502ABF15B6}.Debug|Any CPU.ActiveCfg = Debug|Any CPU
		{ABF6D456-4850-44BF-8AF2-23502ABF15B6}.Debug|Any CPU.Build.0 = Debug|Any CPU
		{ABF6D456-4850-44BF-8AF2-23502ABF15B6}.Debug|x64.ActiveCfg = Debug|Any CPU
		{ABF6D456-4850-44BF-8AF2-23502ABF15B6}.Debug|x64.Build.0 = Debug|Any CPU
		{ABF6D456-4850-44BF-8AF2-23502ABF15B6}.Debug|x86.ActiveCfg = Debug|Any CPU
		{ABF6D456-4850-44BF-8AF2-23502ABF15B6}.Debug|x86.Build.0 = Debug|Any CPU
		{ABF6D456-4850-44BF-8AF2-23502ABF15B6}.Release|Any CPU.ActiveCfg = Release|Any CPU
		{ABF6D456-4850-44BF-8AF2-23502ABF15B6}.Release|Any CPU.Build.0 = Release|Any CPU
		{ABF6D456-4850-44BF-8AF2-23502ABF15B6}.Release|x64.ActiveCfg = Release|Any CPU
		{ABF6D456-4850-44BF-8AF2-23502ABF15B6}.Release|x64.Build.0 = Release|Any CPU
		{ABF6D456-4850-44BF-8AF2-23502ABF15B6}.Release|x86.ActiveCfg = Release|Any CPU
		{ABF6D456-4850-44BF-8AF2-23502ABF15B6}.Release|x86.Build.0 = Release|Any CPU
		{F534FC98-CBD5-468F-9BE8-F836A2F0F7EC}.Debug|Any CPU.ActiveCfg = Debug|Any CPU
		{F534FC98-CBD5-468F-9BE8-F836A2F0F7EC}.Debug|Any CPU.Build.0 = Debug|Any CPU
		{F534FC98-CBD5-468F-9BE8-F836A2F0F7EC}.Debug|x64.ActiveCfg = Debug|Any CPU
		{F534FC98-CBD5-468F-9BE8-F836A2F0F7EC}.Debug|x64.Build.0 = Debug|Any CPU
		{F534FC98-CBD5-468F-9BE8-F836A2F0F7EC}.Debug|x86.ActiveCfg = Debug|Any CPU
		{F534FC98-CBD5-468F-9BE8-F836A2F0F7EC}.Debug|x86.Build.0 = Debug|Any CPU
		{F534FC98-CBD5-468F-9BE8-F836A2F0F7EC}.Release|Any CPU.ActiveCfg = Release|Any CPU
		{F534FC98-CBD5-468F-9BE8-F836A2F0F7EC}.Release|Any CPU.Build.0 = Release|Any CPU
		{F534FC98-CBD5-468F-9BE8-F836A2F0F7EC}.Release|x64.ActiveCfg = Release|Any CPU
		{F534FC98-CBD5-468F-9BE8-F836A2F0F7EC}.Release|x64.Build.0 = Release|Any CPU
		{F534FC98-CBD5-468F-9BE8-F836A2F0F7EC}.Release|x86.ActiveCfg = Release|Any CPU
		{F534FC98-CBD5-468F-9BE8-F836A2F0F7EC}.Release|x86.Build.0 = Release|Any CPU
	EndGlobalSection
	GlobalSection(SolutionProperties) = preSolution
		HideSolutionNode = FALSE
	EndGlobalSection
	GlobalSection(ExtensibilityGlobals) = postSolution
		SolutionGuid = {CCE90B08-CFF5-4274-8F44-C132B257F928}
	EndGlobalSection
EndGlobal
